
Microsoft Visual Studio Solution File, Format Version 12.00
# Visual Studio Version 17
VisualStudioVersion = 17.11.35327.3
MinimumVisualStudioVersion = 10.0.40219.1
Project("{FAE04EC0-301F-11D3-BF4B-00C04F79EFBC}") = "Catalog.API", "Catalog.API\Catalog.API.csproj", "{0EEDF405-60AA-4BD6-B552-9CE9E603A28C}"
EndProject
Project("{2150E333-8FDC-42A3-9474-1A3956D46DE8}") = "Shared", "Shared", "{CD4C133A-565B-4CFA-BDC9-230079EAAEBA}"
EndProject
Project("{FAE04EC0-301F-11D3-BF4B-00C04F79EFBC}") = "BuildingBlocks", "..\..\..\Shared\BuildingBlocks\BuildingBlocks.csproj", "{8672A561-B002-47B8-A928-22404819390F}"
EndProject
Global
	GlobalSection(SolutionConfigurationPlatforms) = preSolution
		Debug|Any CPU = Debug|Any CPU
		Release|Any CPU = Release|Any CPU
	EndGlobalSection
	GlobalSection(ProjectConfigurationPlatforms) = postSolution
		{0EEDF405-60AA-4BD6-B552-9CE9E603A28C}.Debug|Any CPU.ActiveCfg = Debug|Any CPU
		{0EEDF405-60AA-4BD6-B552-9CE9E603A28C}.Debug|Any CPU.Build.0 = Debug|Any CPU
		{0EEDF405-60AA-4BD6-B552-9CE9E603A28C}.Release|Any CPU.ActiveCfg = Release|Any CPU
		{0EEDF405-60AA-4BD6-B552-9CE9E603A28C}.Release|Any CPU.Build.0 = Release|Any CPU
		{8672A561-B002-47B8-A928-22404819390F}.Debug|Any CPU.ActiveCfg = Debug|Any CPU
		{8672A561-B002-47B8-A928-22404819390F}.Debug|Any CPU.Build.0 = Debug|Any CPU
		{8672A561-B002-47B8-A928-22404819390F}.Release|Any CPU.ActiveCfg = Release|Any CPU
		{8672A561-B002-47B8-A928-22404819390F}.Release|Any CPU.Build.0 = Release|Any CPU
	EndGlobalSection
	GlobalSection(SolutionProperties) = preSolution
		HideSolutionNode = FALSE
	EndGlobalSection
	GlobalSection(NestedProjects) = preSolution
		{8672A561-B002-47B8-A928-22404819390F} = {CD4C133A-565B-4CFA-BDC9-230079EAAEBA}
	EndGlobalSection
	GlobalSection(ExtensibilityGlobals) = postSolution
		SolutionGuid = {B66B1814-8E36-474C-876D-9482A752CCA7}
	EndGlobalSection
EndGlobal
