
Microsoft Visual Studio Solution File, Format Version 12.00
# Visual Studio Version 17
VisualStudioVersion = 17.11.35327.3
MinimumVisualStudioVersion = 10.0.40219.1
Project("{9A19103F-16F7-4668-BE54-9A1E7A4F7556}") = "Catalog.API", "Services\Catalog\Catalog.API\Catalog.API.csproj", "{E5488411-BDAD-43CF-8048-C8845DF33B06}"
EndProject
Project("{2150E333-8FDC-42A3-9474-1A3956D46DE8}") = "Services", "Services", "{551D25F0-94FE-48AF-BBE4-6E66032A1F32}"
EndProject
Project("{2150E333-8FDC-42A3-9474-1A3956D46DE8}") = "Catalog", "Catalog", "{CAC4A642-2E02-46B6-B42E-8DE45449C874}"
EndProject
Project("{2150E333-8FDC-42A3-9474-1A3956D46DE8}") = "BuildingBlocks", "BuildingBlocks", "{E1D975FD-ACE6-4499-BA10-D1C9F5BADED2}"
EndProject
Project("{E53339B2-1760-4266-BCC7-CA923CBCF16C}") = "docker-compose", "docker-compose.dcproj", "{B1D587B3-93F2-4C82-81D8-F335F095BA7C}"
EndProject
Project("{2150E333-8FDC-42A3-9474-1A3956D46DE8}") = "Basket", "Basket", "{41966402-A018-4DF6-BDCA-344DF3394CFF}"
EndProject
Project("{9A19103F-16F7-4668-BE54-9A1E7A4F7556}") = "Basket.API", "Services\Basket\Basket.API\Basket.API.csproj", "{93A4A1F6-89A7-4942-8CED-2B06D174A1F7}"
EndProject
Project("{2150E333-8FDC-42A3-9474-1A3956D46DE8}") = "Solution Items", "Solution Items", "{C858D962-FE1E-4D0C-9A30-D8D8EA749F13}"
	ProjectSection(SolutionItems) = preProject
		Documentation.txt = Documentation.txt
	EndProjectSection
EndProject
Project("{2150E333-8FDC-42A3-9474-1A3956D46DE8}") = "Discount", "Discount", "{4A1F8EC8-E66B-4F92-93A1-7DFEBEC3A285}"
EndProject
Project("{9A19103F-16F7-4668-BE54-9A1E7A4F7556}") = "Discount.Grpc", "Services\Discount\Discount.Grpc\Discount.Grpc.csproj", "{57EA0697-56FE-46E2-8736-9EB75D19E447}"
EndProject
Project("{2150E333-8FDC-42A3-9474-1A3956D46DE8}") = "Ordering", "Ordering", "{13BE1B2D-2353-49CF-817F-5D21164D25C0}"
EndProject
Project("{9A19103F-16F7-4668-BE54-9A1E7A4F7556}") = "Ordering.API", "Services\Ordering\Ordering.API\Ordering.API.csproj", "{82C22F57-B6B6-4892-887F-5E5AFB3CDEDA}"
EndProject
Project("{9A19103F-16F7-4668-BE54-9A1E7A4F7556}") = "Ordering.Domain", "Services\Ordering\Ordering.Domain\Ordering.Domain.csproj", "{5C363072-95AC-4212-ADDC-FD3559FAD61F}"
EndProject
Project("{9A19103F-16F7-4668-BE54-9A1E7A4F7556}") = "Ordering.Application", "Services\Ordering.Application\Ordering.Application.csproj", "{A428699D-7619-47F8-901F-598AB704660D}"
EndProject
Project("{9A19103F-16F7-4668-BE54-9A1E7A4F7556}") = "Ordering.Infrastructure", "Services\Ordering.Infrastructure\Ordering.Infrastructure.csproj", "{86F3F286-2CE4-4453-B7CB-1E8DC0B3B5BF}"
EndProject
Project("{9A19103F-16F7-4668-BE54-9A1E7A4F7556}") = "BuildingBlocks", "BuildingBlocks\BuildingBLocks\BuildingBlocks.csproj", "{88A1D1FC-671D-4883-A8F9-B77EDAF661DC}"
EndProject
Project("{9A19103F-16F7-4668-BE54-9A1E7A4F7556}") = "BuildingBlocks.Messaging", "BuildingBlocks\BuildingBlocks.Messaging\BuildingBlocks.Messaging.csproj", "{44A6A752-F596-4A56-A404-DA434FBE42B5}"
EndProject
Project("{2150E333-8FDC-42A3-9474-1A3956D46DE8}") = "ApiGateways", "ApiGateways", "{512718B2-0F79-407F-8DD7-D35228875B1C}"
EndProject
Project("{9A19103F-16F7-4668-BE54-9A1E7A4F7556}") = "YarpApiGateway", "ApiGateways\YarpApiGateway\YarpApiGateway.csproj", "{B16E063B-62F0-43D8-8B80-BDE2DD31A91E}"
EndProject
Project("{2150E333-8FDC-42A3-9474-1A3956D46DE8}") = "WebApps", "WebApps", "{A64C72B1-3619-408C-BB02-460FB3B81F4F}"
EndProject
Project("{FAE04EC0-301F-11D3-BF4B-00C04F79EFBC}") = "Shopping.Web", "WebApps\Shopping.Web\Shopping.Web.csproj", "{F1BF96F2-FB14-4B91-8F64-D830673FA8E1}"
EndProject
Global
	GlobalSection(SolutionConfigurationPlatforms) = preSolution
		Debug|Any CPU = Debug|Any CPU
		Release|Any CPU = Release|Any CPU
	EndGlobalSection
	GlobalSection(ProjectConfigurationPlatforms) = postSolution
		{E5488411-BDAD-43CF-8048-C8845DF33B06}.Debug|Any CPU.ActiveCfg = Debug|Any CPU
		{E5488411-BDAD-43CF-8048-C8845DF33B06}.Debug|Any CPU.Build.0 = Debug|Any CPU
		{E5488411-BDAD-43CF-8048-C8845DF33B06}.Release|Any CPU.ActiveCfg = Release|Any CPU
		{E5488411-BDAD-43CF-8048-C8845DF33B06}.Release|Any CPU.Build.0 = Release|Any CPU
		{B1D587B3-93F2-4C82-81D8-F335F095BA7C}.Debug|Any CPU.ActiveCfg = Debug|Any CPU
		{B1D587B3-93F2-4C82-81D8-F335F095BA7C}.Debug|Any CPU.Build.0 = Debug|Any CPU
		{B1D587B3-93F2-4C82-81D8-F335F095BA7C}.Release|Any CPU.ActiveCfg = Release|Any CPU
		{B1D587B3-93F2-4C82-81D8-F335F095BA7C}.Release|Any CPU.Build.0 = Release|Any CPU
		{93A4A1F6-89A7-4942-8CED-2B06D174A1F7}.Debug|Any CPU.ActiveCfg = Debug|Any CPU
		{93A4A1F6-89A7-4942-8CED-2B06D174A1F7}.Debug|Any CPU.Build.0 = Debug|Any CPU
		{93A4A1F6-89A7-4942-8CED-2B06D174A1F7}.Release|Any CPU.ActiveCfg = Release|Any CPU
		{93A4A1F6-89A7-4942-8CED-2B06D174A1F7}.Release|Any CPU.Build.0 = Release|Any CPU
		{57EA0697-56FE-46E2-8736-9EB75D19E447}.Debug|Any CPU.ActiveCfg = Debug|Any CPU
		{57EA0697-56FE-46E2-8736-9EB75D19E447}.Debug|Any CPU.Build.0 = Debug|Any CPU
		{57EA0697-56FE-46E2-8736-9EB75D19E447}.Release|Any CPU.ActiveCfg = Release|Any CPU
		{57EA0697-56FE-46E2-8736-9EB75D19E447}.Release|Any CPU.Build.0 = Release|Any CPU
		{82C22F57-B6B6-4892-887F-5E5AFB3CDEDA}.Debug|Any CPU.ActiveCfg = Debug|Any CPU
		{82C22F57-B6B6-4892-887F-5E5AFB3CDEDA}.Debug|Any CPU.Build.0 = Debug|Any CPU
		{82C22F57-B6B6-4892-887F-5E5AFB3CDEDA}.Release|Any CPU.ActiveCfg = Release|Any CPU
		{82C22F57-B6B6-4892-887F-5E5AFB3CDEDA}.Release|Any CPU.Build.0 = Release|Any CPU
		{5C363072-95AC-4212-ADDC-FD3559FAD61F}.Debug|Any CPU.ActiveCfg = Debug|Any CPU
		{5C363072-95AC-4212-ADDC-FD3559FAD61F}.Debug|Any CPU.Build.0 = Debug|Any CPU
		{5C363072-95AC-4212-ADDC-FD3559FAD61F}.Release|Any CPU.ActiveCfg = Release|Any CPU
		{5C363072-95AC-4212-ADDC-FD3559FAD61F}.Release|Any CPU.Build.0 = Release|Any CPU
		{A428699D-7619-47F8-901F-598AB704660D}.Debug|Any CPU.ActiveCfg = Debug|Any CPU
		{A428699D-7619-47F8-901F-598AB704660D}.Debug|Any CPU.Build.0 = Debug|Any CPU
		{A428699D-7619-47F8-901F-598AB704660D}.Release|Any CPU.ActiveCfg = Release|Any CPU
		{A428699D-7619-47F8-901F-598AB704660D}.Release|Any CPU.Build.0 = Release|Any CPU
		{86F3F286-2CE4-4453-B7CB-1E8DC0B3B5BF}.Debug|Any CPU.ActiveCfg = Debug|Any CPU
		{86F3F286-2CE4-4453-B7CB-1E8DC0B3B5BF}.Debug|Any CPU.Build.0 = Debug|Any CPU
		{86F3F286-2CE4-4453-B7CB-1E8DC0B3B5BF}.Release|Any CPU.ActiveCfg = Release|Any CPU
		{86F3F286-2CE4-4453-B7CB-1E8DC0B3B5BF}.Release|Any CPU.Build.0 = Release|Any CPU
		{88A1D1FC-671D-4883-A8F9-B77EDAF661DC}.Debug|Any CPU.ActiveCfg = Debug|Any CPU
		{88A1D1FC-671D-4883-A8F9-B77EDAF661DC}.Debug|Any CPU.Build.0 = Debug|Any CPU
		{88A1D1FC-671D-4883-A8F9-B77EDAF661DC}.Release|Any CPU.ActiveCfg = Release|Any CPU
		{88A1D1FC-671D-4883-A8F9-B77EDAF661DC}.Release|Any CPU.Build.0 = Release|Any CPU
		{44A6A752-F596-4A56-A404-DA434FBE42B5}.Debug|Any CPU.ActiveCfg = Debug|Any CPU
		{44A6A752-F596-4A56-A404-DA434FBE42B5}.Debug|Any CPU.Build.0 = Debug|Any CPU
		{44A6A752-F596-4A56-A404-DA434FBE42B5}.Release|Any CPU.ActiveCfg = Release|Any CPU
		{44A6A752-F596-4A56-A404-DA434FBE42B5}.Release|Any CPU.Build.0 = Release|Any CPU
		{B16E063B-62F0-43D8-8B80-BDE2DD31A91E}.Debug|Any CPU.ActiveCfg = Debug|Any CPU
		{B16E063B-62F0-43D8-8B80-BDE2DD31A91E}.Debug|Any CPU.Build.0 = Debug|Any CPU
		{B16E063B-62F0-43D8-8B80-BDE2DD31A91E}.Release|Any CPU.ActiveCfg = Release|Any CPU
		{B16E063B-62F0-43D8-8B80-BDE2DD31A91E}.Release|Any CPU.Build.0 = Release|Any CPU
		{F1BF96F2-FB14-4B91-8F64-D830673FA8E1}.Debug|Any CPU.ActiveCfg = Debug|Any CPU
		{F1BF96F2-FB14-4B91-8F64-D830673FA8E1}.Debug|Any CPU.Build.0 = Debug|Any CPU
		{F1BF96F2-FB14-4B91-8F64-D830673FA8E1}.Release|Any CPU.ActiveCfg = Release|Any CPU
		{F1BF96F2-FB14-4B91-8F64-D830673FA8E1}.Release|Any CPU.Build.0 = Release|Any CPU
	EndGlobalSection
	GlobalSection(SolutionProperties) = preSolution
		HideSolutionNode = FALSE
	EndGlobalSection
	GlobalSection(NestedProjects) = preSolution
		{E5488411-BDAD-43CF-8048-C8845DF33B06} = {CAC4A642-2E02-46B6-B42E-8DE45449C874}
		{CAC4A642-2E02-46B6-B42E-8DE45449C874} = {551D25F0-94FE-48AF-BBE4-6E66032A1F32}
		{41966402-A018-4DF6-BDCA-344DF3394CFF} = {551D25F0-94FE-48AF-BBE4-6E66032A1F32}
		{93A4A1F6-89A7-4942-8CED-2B06D174A1F7} = {41966402-A018-4DF6-BDCA-344DF3394CFF}
		{4A1F8EC8-E66B-4F92-93A1-7DFEBEC3A285} = {551D25F0-94FE-48AF-BBE4-6E66032A1F32}
		{57EA0697-56FE-46E2-8736-9EB75D19E447} = {4A1F8EC8-E66B-4F92-93A1-7DFEBEC3A285}
		{13BE1B2D-2353-49CF-817F-5D21164D25C0} = {551D25F0-94FE-48AF-BBE4-6E66032A1F32}
		{82C22F57-B6B6-4892-887F-5E5AFB3CDEDA} = {13BE1B2D-2353-49CF-817F-5D21164D25C0}
		{5C363072-95AC-4212-ADDC-FD3559FAD61F} = {13BE1B2D-2353-49CF-817F-5D21164D25C0}
		{A428699D-7619-47F8-901F-598AB704660D} = {13BE1B2D-2353-49CF-817F-5D21164D25C0}
		{86F3F286-2CE4-4453-B7CB-1E8DC0B3B5BF} = {13BE1B2D-2353-49CF-817F-5D21164D25C0}
		{88A1D1FC-671D-4883-A8F9-B77EDAF661DC} = {E1D975FD-ACE6-4499-BA10-D1C9F5BADED2}
		{44A6A752-F596-4A56-A404-DA434FBE42B5} = {E1D975FD-ACE6-4499-BA10-D1C9F5BADED2}
		{B16E063B-62F0-43D8-8B80-BDE2DD31A91E} = {512718B2-0F79-407F-8DD7-D35228875B1C}
		{F1BF96F2-FB14-4B91-8F64-D830673FA8E1} = {A64C72B1-3619-408C-BB02-460FB3B81F4F}
	EndGlobalSection
	GlobalSection(ExtensibilityGlobals) = postSolution
		SolutionGuid = {F6A34F55-ED77-4080-AB63-EE4EF21B66CE}
	EndGlobalSection
EndGlobal
